// !$*UTF8*$!
{
	archiveVersion = 1;
	classes = {
	};
	objectVersion = 46;
	objects = {

/* Begin PBXBuildFile section */
		F9625CA11D5D3BF3009F62FA /* DragImg.swift in Sources */ = {isa = PBXBuildFile; fileRef = F9625CA01D5D3BF3009F62FA /* DragImg.swift */; };
		F9625CA31D5D4660009F62FA /* MonsterImg.swift in Sources */ = {isa = PBXBuildFile; fileRef = F9625CA21D5D4660009F62FA /* MonsterImg.swift */; };
		F9E1E32C1D5BE015004C46C6 /* AppDelegate.swift in Sources */ = {isa = PBXBuildFile; fileRef = F9E1E32B1D5BE015004C46C6 /* AppDelegate.swift */; };
		F9E1E32E1D5BE015004C46C6 /* ViewController.swift in Sources */ = {isa = PBXBuildFile; fileRef = F9E1E32D1D5BE015004C46C6 /* ViewController.swift */; };
		F9E1E3311D5BE015004C46C6 /* Main.storyboard in Resources */ = {isa = PBXBuildFile; fileRef = F9E1E32F1D5BE015004C46C6 /* Main.storyboard */; };
		F9E1E3331D5BE015004C46C6 /* Assets.xcassets in Resources */ = {isa = PBXBuildFile; fileRef = F9E1E3321D5BE015004C46C6 /* Assets.xcassets */; };
		F9E1E3361D5BE015004C46C6 /* LaunchScreen.storyboard in Resources */ = {isa = PBXBuildFile; fileRef = F9E1E3341D5BE015004C46C6 /* LaunchScreen.storyboard */; };
/* End PBXBuildFile section */

/* Begin PBXFileReference section */
		F9625CA01D5D3BF3009F62FA /* DragImg.swift */ = {isa = PBXFileReference; fileEncoding = 4; lastKnownFileType = sourcecode.swift; path = DragImg.swift; sourceTree = "<group>"; };
		F9625CA21D5D4660009F62FA /* MonsterImg.swift */ = {isa = PBXFileReference; fileEncoding = 4; lastKnownFileType = sourcecode.swift; path = MonsterImg.swift; sourceTree = "<group>"; };
		F9E1E3281D5BE015004C46C6 /* monsterRev1.app */ = {isa = PBXFileReference; explicitFileType = wrapper.application; includeInIndex = 0; path = monsterRev1.app; sourceTree = BUILT_PRODUCTS_DIR; };
		F9E1E32B1D5BE015004C46C6 /* AppDelegate.swift */ = {isa = PBXFileReference; lastKnownFileType = sourcecode.swift; path = AppDelegate.swift; sourceTree = "<group>"; };
		F9E1E32D1D5BE015004C46C6 /* ViewController.swift */ = {isa = PBXFileReference; lastKnownFileType = sourcecode.swift; path = ViewController.swift; sourceTree = "<group>"; };
		F9E1E3301D5BE015004C46C6 /* Base */ = {isa = PBXFileReference; lastKnownFileType = file.storyboard; name = Base; path = Base.lproj/Main.storyboard; sourceTree = "<group>"; };
		F9E1E3321D5BE015004C46C6 /* Assets.xcassets */ = {isa = PBXFileReference; lastKnownFileType = folder.assetcatalog; path = Assets.xcassets; sourceTree = "<group>"; };
		F9E1E3351D5BE015004C46C6 /* Base */ = {isa = PBXFileReference; lastKnownFileType = file.storyboard; name = Base; path = Base.lproj/LaunchScreen.storyboard; sourceTree = "<group>"; };
		F9E1E3371D5BE015004C46C6 /* Info.plist */ = {isa = PBXFileReference; lastKnownFileType = text.plist.xml; path = Info.plist; sourceTree = "<group>"; };
/* End PBXFileReference section */

/* Begin PBXFrameworksBuildPhase section */
		F9E1E3251D5BE015004C46C6 /* Frameworks */ = {
			isa = PBXFrameworksBuildPhase;
			buildActionMask = 2147483647;
			files = (
			);
			runOnlyForDeploymentPostprocessing = 0;
		};
/* End PBXFrameworksBuildPhase section */

/* Begin PBXGroup section */
		F9E1E31F1D5BE015004C46C6 = {
			isa = PBXGroup;
			children = (
				F9E1E32A1D5BE015004C46C6 /* monsterRev1 */,
				F9E1E3291D5BE015004C46C6 /* Products */,
			);
			sourceTree = "<group>";
		};
		F9E1E3291D5BE015004C46C6 /* Products */ = {
			isa = PBXGroup;
			children = (
				F9E1E3281D5BE015004C46C6 /* monsterRev1.app */,
			);
			name = Products;
			sourceTree = "<group>";
		};
		F9E1E32A1D5BE015004C46C6 /* monsterRev1 */ = {
			isa = PBXGroup;
			children = (
				F9E1E32B1D5BE015004C46C6 /* AppDelegate.swift */,
				F9E1E32D1D5BE015004C46C6 /* ViewController.swift */,
				F9E1E32F1D5BE015004C46C6 /* Main.storyboard */,
				F9E1E3321D5BE015004C46C6 /* Assets.xcassets */,
				F9E1E3341D5BE015004C46C6 /* LaunchScreen.storyboard */,
				F9E1E3371D5BE015004C46C6 /* Info.plist */,
				F9625CA01D5D3BF3009F62FA /* DragImg.swift */,
				F9625CA21D5D4660009F62FA /* MonsterImg.swift */,
			);
			path = monsterRev1;
			sourceTree = "<group>";
		};
/* End PBXGroup section */

/* Begin PBXNativeTarget section */
		F9E1E3271D5BE015004C46C6 /* monsterRev1 */ = {
			isa = PBXNativeTarget;
			buildConfigurationList = F9E1E33A1D5BE015004C46C6 /* Build configuration list for PBXNativeTarget "monsterRev1" */;
			buildPhases = (
				F9E1E3241D5BE015004C46C6 /* Sources */,
				F9E1E3251D5BE015004C46C6 /* Frameworks */,
				F9E1E3261D5BE015004C46C6 /* Resources */,
			);
			buildRules = (
			);
			dependencies = (
			);
			name = monsterRev1;
			productName = monsterRev1;
			productReference = F9E1E3281D5BE015004C46C6 /* monsterRev1.app */;
			productType = "com.apple.product-type.application";
		};
/* End PBXNativeTarget section */

/* Begin PBXProject section */
		F9E1E3201D5BE015004C46C6 /* Project object */ = {
			isa = PBXProject;
			attributes = {
				LastSwiftUpdateCheck = 0730;
				LastUpgradeCheck = 0730;
				ORGANIZATIONNAME = "John Greathouse";
				TargetAttributes = {
					F9E1E3271D5BE015004C46C6 = {
						CreatedOnToolsVersion = 7.3;
					};
				};
			};
			buildConfigurationList = F9E1E3231D5BE015004C46C6 /* Build configuration list for PBXProject "monsterRev1" */;
			compatibilityVersion = "Xcode 3.2";
			developmentRegion = English;
			hasScannedForEncodings = 0;
			knownRegions = (
				en,
				Base,
			);
			mainGroup = F9E1E31F1D5BE015004C46C6;
			productRefGroup = F9E1E3291D5BE015004C46C6 /* Products */;
			projectDirPath = "";
			projectRoot = "";
			targets = (
				F9E1E3271D5BE015004C46C6 /* monsterRev1 */,
			);
		};
/* End PBXProject section */

/* Begin PBXResourcesBuildPhase section */
		F9E1E3261D5BE015004C46C6 /* Resources */ = {
			isa = PBXResourcesBuildPhase;
			buildActionMask = 2147483647;
			files = (
				F9E1E3361D5BE015004C46C6 /* LaunchScreen.storyboard in Resources */,
				F9E1E3331D5BE015004C46C6 /* Assets.xcassets in Resources */,
				F9E1E3311D5BE015004C46C6 /* Main.storyboard in Resources */,
			);
			runOnlyForDeploymentPostprocessing = 0;
		};
/* End PBXResourcesBuildPhase section */

/* Begin PBXSourcesBuildPhase section */
		F9E1E3241D5BE015004C46C6 /* Sources */ = {
			isa = PBXSourcesBuildPhase;
			buildActionMask = 2147483647;
			files = (
				F9625CA31D5D4660009F62FA /* MonsterImg.swift in Sources */,
				F9625CA11D5D3BF3009F62FA /* DragImg.swift in Sources */,
				F9E1E32E1D5BE015004C46C6 /* ViewController.swift in Sources */,
				F9E1E32C1D5BE015004C46C6 /* AppDelegate.swift in Sources */,
			);
			runOnlyForDeploymentPostprocessing = 0;
		};
/* End PBXSourcesBuildPhase section */

/* Begin PBXVariantGroup section */
		F9E1E32F1D5BE015004C46C6 /* Main.storyboard */ = {
			isa = PBXVariantGroup;
			children = (
				F9E1E3301D5BE015004C46C6 /* Base */,
			);
			name = Main.storyboard;
			sourceTree = "<group>";
		};
		F9E1E3341D5BE015004C46C6 /* LaunchScreen.storyboard */ = {
			isa = PBXVariantGroup;
			children = (
				F9E1E3351D5BE015004C46C6 /* Base */,
			);
			name = LaunchScreen.storyboard;
			sourceTree = "<group>";
		};
/* End PBXVariantGroup section */

/* Begin XCBuildConfiguration section */
		F9E1E3381D5BE015004C46C6 /* Debug */ = {
			isa = XCBuildConfiguration;
			buildSettings = {
				ALWAYS_SEARCH_USER_PATHS = NO;
				CLANG_ANALYZER_NONNULL = YES;
				CLANG_CXX_LANGUAGE_STANDARD = "gnu++0x";
				CLANG_CXX_LIBRARY = "libc++";
				CLANG_ENABLE_MODULES = YES;
				CLANG_ENABLE_OBJC_ARC = YES;
				CLANG_WARN_BOOL_CONVERSION = YES;
				CLANG_WARN_CONSTANT_CONVERSION = YES;
				CLANG_WARN_DIRECT_OBJC_ISA_USAGE = YES_ERROR;
				CLANG_WARN_EMPTY_BODY = YES;
				CLANG_WARN_ENUM_CONVERSION = YES;
				CLANG_WARN_INT_CONVERSION = YES;
				CLANG_WARN_OBJC_ROOT_CLASS = YES_ERROR;
				CLANG_WARN_UNREACHABLE_CODE = YES;
				CLANG_WARN__DUPLICATE_METHOD_MATCH = YES;
				"CODE_SIGN_IDENTITY[sdk=iphoneos*]" = "iPhone Developer";
				COPY_PHASE_STRIP = NO;
				DEBUG_INFORMATION_FORMAT = dwarf;
				ENABLE_STRICT_OBJC_MSGSEND = YES;
				ENABLE_TESTABILITY = YES;
				GCC_C_LANGUAGE_STANDARD = gnu99;
				GCC_DYNAMIC_NO_PIC = NO;
				GCC_NO_COMMON_BLOCKS = YES;
				GCC_OPTIMIZATION_LEVEL = 0;
				GCC_PREPROCESSOR_DEFINITIONS = (
					"DEBUG=1",
					"$(inherited)",
				);
				GCC_WARN_64_TO_32_BIT_CONVERSION = YES;
				GCC_WARN_ABOUT_RETURN_TYPE = YES_ERROR;
				GCC_WARN_UNDECLARED_SELECTOR = YES;
				GCC_WARN_UNINITIALIZED_AUTOS = YES_AGGRESSIVE;
				GCC_WARN_UNUSED_FUNCTION = YES;
				GCC_WARN_UNUSED_VARIABLE = YES;
				IPHONEOS_DEPLOYMENT_TARGET = 9.3;
				MTL_ENABLE_DEBUG_INFO = YES;
				ONLY_ACTIVE_ARCH = YES;
				SDKROOT = iphoneos;
				SWIFT_OPTIMIZATION_LEVEL = "-Onone";
				TARGETED_DEVICE_FAMILY = "1,2";
			};
			name = Debug;
		};
		F9E1E3391D5BE015004C46C6 /* Release */ = {
			isa = XCBuildConfiguration;
			buildSettings = {
				ALWAYS_SEARCH_USER_PATHS = NO;
				CLANG_ANALYZER_NONNULL = YES;
				CLANG_CXX_LANGUAGE_STANDARD = "gnu++0x";
				CLANG_CXX_LIBRARY = "libc++";
				CLANG_ENABLE_MODULES = YES;
				CLANG_ENABLE_OBJC_ARC = YES;
				CLANG_WARN_BOOL_CONVERSION = YES;
				CLANG_WARN_CONSTANT_CONVERSION = YES;
				CLANG_WARN_DIRECT_OBJC_ISA_USAGE = YES_ERROR;
				CLANG_WARN_EMPTY_BODY = YES;
				CLANG_WARN_ENUM_CONVERSION = YES;
				CLANG_WARN_INT_CONVERSION = YES;
				CLANG_WARN_OBJC_ROOT_CLASS = YES_ERROR;
				CLANG_WARN_UNREACHABLE_CODE = YES;
				CLANG_WARN__DUPLICATE_METHOD_MATCH = YES;
				"CODE_SIGN_IDENTITY[sdk=iphoneos*]" = "iPhone Developer";
				COPY_PHASE_STRIP = NO;
				DEBUG_INFORMATION_FORMAT = "dwarf-with-dsym";
				ENABLE_NS_ASSERTIONS = NO;
				ENABLE_STRICT_OBJC_MSGSEND = YES;
				GCC_C_LANGUAGE_STANDARD = gnu99;
				GCC_NO_COMMON_BLOCKS = YES;
				GCC_WARN_64_TO_32_BIT_CONVERSION = YES;
				GCC_WARN_ABOUT_RETURN_TYPE = YES_ERROR;
				GCC_WARN_UNDECLARED_SELECTOR = YES;
				GCC_WARN_UNINITIALIZED_AUTOS = YES_AGGRESSIVE;
				GCC_WARN_UNUSED_FUNCTION = YES;
				GCC_WARN_UNUSED_VARIABLE = YES;
				IPHONEOS_DEPLOYMENT_TARGET = 9.3;
				MTL_ENABLE_DEBUG_INFO = NO;
				SDKROOT = iphoneos;
				TARGETED_DEVICE_FAMILY = "1,2";
				VALIDATE_PRODUCT = YES;
			};
			name = Release;
		};
		F9E1E33B1D5BE015004C46C6 /* Debug */ = {
			isa = XCBuildConfiguration;
			buildSettings = {
				ASSETCATALOG_COMPILER_APPICON_NAME = AppIcon;
				INFOPLIST_FILE = monsterRev1/Info.plist;
				LD_RUNPATH_SEARCH_PATHS = "$(inherited) @executable_path/Frameworks";
				PRODUCT_BUNDLE_IDENTIFIER = com.greathousegraphics.monsterRev1;
				PRODUCT_NAME = "$(TARGET_NAME)";
			};
			name = Debug;
		};
		F9E1E33C1D5BE015004C46C6 /* Release */ = {
			isa = XCBuildConfiguration;
			buildSettings = {
				ASSETCATALOG_COMPILER_APPICON_NAME = AppIcon;
				INFOPLIST_FILE = monsterRev1/Info.plist;
				LD_RUNPATH_SEARCH_PATHS = "$(inherited) @executable_path/Frameworks";
				PRODUCT_BUNDLE_IDENTIFIER = com.greathousegraphics.monsterRev1;
				PRODUCT_NAME = "$(TARGET_NAME)";
			};
			name = Release;
		};
/* End XCBuildConfiguration section */

/* Begin XCConfigurationList section */
		F9E1E3231D5BE015004C46C6 /* Build configuration list for PBXProject "monsterRev1" */ = {
			isa = XCConfigurationList;
			buildConfigurations = (
				F9E1E3381D5BE015004C46C6 /* Debug */,
				F9E1E3391D5BE015004C46C6 /* Release */,
			);
			defaultConfigurationIsVisible = 0;
			defaultConfigurationName = Release;
		};
		F9E1E33A1D5BE015004C46C6 /* Build configuration list for PBXNativeTarget "monsterRev1" */ = {
			isa = XCConfigurationList;
			buildConfigurations = (
				F9E1E33B1D5BE015004C46C6 /* Debug */,
				F9E1E33C1D5BE015004C46C6 /* Release */,
			);
			defaultConfigurationIsVisible = 0;
			defaultConfigurationName = Release;
		};
/* End XCConfigurationList section */
	};
	rootObject = F9E1E3201D5BE015004C46C6 /* Project object */;
}
